PODS:
  - Bolts (1.8.4):
    - Bolts/AppLinks (= 1.8.4)
    - Bolts/Tasks (= 1.8.4)
  - Bolts/AppLinks (1.8.4):
    - Bolts/Tasks
  - Bolts/Tasks (1.8.4)
  - CodePush (5.0.0):
    - CodePush/Core (= 5.0.0)
    - CodePush/SSZipArchive (= 5.0.0)
    - React
  - CodePush/Core (5.0.0):
    - React
  - CodePush/SSZipArchive (5.0.0):
    - React
  - Crashlytics (3.8.5):
    - Fabric (~> 1.6.3)
  - Fabric (1.6.12)
  - FBSDKCoreKit (4.25.0):
    - Bolts (~> 1.7)
  - FBSDKLoginKit (4.25.0):
    - FBSDKCoreKit
  - FBSDKShareKit (4.25.0):
    - FBSDKCoreKit
  - GoogleMaps (2.4.0):
    - GoogleMaps/Maps (= 2.4.0)
  - GoogleMaps/Base (2.4.0)
  - GoogleMaps/Maps (2.4.0):
    - GoogleMaps/Base
  - GooglePlacePicker (2.4.0):
    - GoogleMaps (= 2.4.0)
    - GooglePlaces (= 2.4.0)
  - GooglePlaces (2.4.0):
    - GoogleMaps/Base (= 2.4.0)
  - lottie-ios (2.0.3)
  - lottie-react-native (1.2.0):
    - lottie-ios
    - React
  - QBImagePickerController (3.4.0)
  - React (0.47.2):
    - React/Core (= 0.47.2)
  - react-native-fbsdk (0.6.1):
    - React
    - react-native-fbsdk/Core (= 0.6.1)
    - react-native-fbsdk/Login (= 0.6.1)
    - react-native-fbsdk/Share (= 0.6.1)
  - react-native-fbsdk/Core (0.6.1):
    - FBSDKCoreKit
    - React
  - react-native-fbsdk/Login (0.6.1):
    - FBSDKLoginKit
    - React
  - react-native-fbsdk/Share (0.6.1):
    - FBSDKShareKit
    - React
  - React/ART (0.47.2):
    - React/Core
  - React/BatchedBridge (0.47.2):
    - React/Core
    - React/cxxreact_legacy
  - React/Core (0.47.2):
    - Yoga (= 0.47.2.React)
  - React/cxxreact_legacy (0.47.2):
    - React/jschelpers_legacy
  - React/DevSupport (0.47.2):
    - React/Core
    - React/RCTWebSocket
  - React/jschelpers_legacy (0.47.2)
  - React/RCTAnimation (0.47.2):
    - React/Core
  - React/RCTImage (0.47.2):
    - React/Core
    - React/RCTNetwork
  - React/RCTNetwork (0.47.2):
    - React/Core
  - React/RCTText (0.47.2):
    - React/Core
  - React/RCTWebSocket (0.47.2):
    - React/Core
  - RSKImageCropper (1.6.3)
  - Yoga (0.47.2.React)

DEPENDENCIES:
  - CodePush (from `../node_modules/react-native-code-push`)
  - Crashlytics
  - Fabric
  - FBSDKCoreKit
  - FBSDKLoginKit
  - FBSDKShareKit
  - GoogleMaps
  - GooglePlacePicker
  - GooglePlaces
  - lottie-react-native (from `../node_modules/lottie-react-native`)
  - QBImagePickerController
  - react-native-fbsdk (from `../node_modules/react-native-fbsdk/ios`)
  - React/ART (from `../node_modules/react-native`)
  - React/BatchedBridge (from `../node_modules/react-native`)
  - React/Core (from `../node_modules/react-native`)
  - React/DevSupport (from `../node_modules/react-native`)
  - React/RCTAnimation (from `../node_modules/react-native`)
  - React/RCTImage (from `../node_modules/react-native`)
  - React/RCTNetwork (from `../node_modules/react-native`)
  - React/RCTText (from `../node_modules/react-native`)
  - React/RCTWebSocket (from `../node_modules/react-native`)
  - RSKImageCropper
  - Yoga (from `../node_modules/react-native/ReactCommon/yoga`)

EXTERNAL SOURCES:
  CodePush:
    :path: ../node_modules/react-native-code-push
  lottie-react-native:
    :path: ../node_modules/lottie-react-native
  React:
    :path: ../node_modules/react-native
  react-native-fbsdk:
    :path: ../node_modules/react-native-fbsdk/ios
  Yoga:
    :path: ../node_modules/react-native/ReactCommon/yoga

SPEC CHECKSUMS:
  Bolts: 8a7995239dbe724f9cba2248b766d48b7ebdd322
  CodePush: 089e3da41b5040ba0ef89aa5d485f720ee4d5862
  Crashlytics: dfbae35ef22ca189240d230ad501feea4ee85d2d
  Fabric: f050464eac45a2ce5a8e6e6a07e977c0df32fe28
  FBSDKCoreKit: 53e3f4bfb64e80c5f229dd30ae33ff57fbbbd2d1
  FBSDKLoginKit: f628c09684dae9c17f071cf90b014e886f5093ea
  FBSDKShareKit: aea699d3cac749af08e360f4e949b82ffa8813f5
  GoogleMaps: 8436ab5d1c25e36915b2f7416d0c8e3fa2e76c61
  GooglePlacePicker: 755f10343d71280c7b016823e73fbae9625dfa8a
  GooglePlaces: aafe5990fa7951e98e078761bbdaaf236d7e0c65
  lottie-ios: 445f77c7f661f95587e49095a1ac7de43f0da896
  lottie-react-native: ed02827c79d65cbc33a6bb03f222bef0770214b3
  QBImagePickerController: d54cf93db6decf26baf6ed3472f336ef35cae022
  React: fbe1a006550fb55871cb377ba7741f5d1cfff733
  react-native-fbsdk: 1f935b79f588e54c6b95805bf7117227b2f09322
  RSKImageCropper: 356e36fc58c57c371b5d8b23d603936d6a73df6c
  Yoga: ff8531e8cf9f7ec92a75dd44286a68c4a084c507

PODFILE CHECKSUM: cdc243b1e0e3df6c2de25f870ea9cc45fa673d3a

COCOAPODS: 1.2.1
